Microsoft Visual Studio Solution File, Format Version 12.00
# Visual Studio 2012
Project("{FAE04EC0-301F-11D3-BF4B-00C04F79EFBC}") = "Multiplayer Project", "Multiplayer Project.csproj", "{F32C7609-2C09-43FC-84C7-B080BB2DCCB5}"
EndProject
Global
	GlobalSection(SolutionConfigurationPlatforms) = preSolution
	Debug|Any CPU = Debug|Any CPU
	ExportDebug|Any CPU = ExportDebug|Any CPU
	ExportRelease|Any CPU = ExportRelease|Any CPU
	EndGlobalSection
	GlobalSection(ProjectConfigurationPlatforms) = postSolution
		{F32C7609-2C09-43FC-84C7-B080BB2DCCB5}.Debug|Any CPU.ActiveCfg = Debug|Any CPU
		{F32C7609-2C09-43FC-84C7-B080BB2DCCB5}.Debug|Any CPU.Build.0 = Debug|Any CPU
		{F32C7609-2C09-43FC-84C7-B080BB2DCCB5}.ExportDebug|Any CPU.ActiveCfg = ExportDebug|Any CPU
		{F32C7609-2C09-43FC-84C7-B080BB2DCCB5}.ExportDebug|Any CPU.Build.0 = ExportDebug|Any CPU
		{F32C7609-2C09-43FC-84C7-B080BB2DCCB5}.ExportRelease|Any CPU.ActiveCfg = ExportRelease|Any CPU
		{F32C7609-2C09-43FC-84C7-B080BB2DCCB5}.ExportRelease|Any CPU.Build.0 = ExportRelease|Any CPU
	EndGlobalSection
EndGlobal
